// !$*UTF8*$!
{
	archiveVersion = 1;
	classes = {
	};
	objectVersion = 50;
	objects = {

/* Begin PBXBuildFile section */
		12ADBAAC0A47FC543AFA4AF5 /* libPods-GapDemo.a in Frameworks */ = {isa = PBXBuildFile; fileRef = C7F5573794B7DA21591C452E /* libPods-GapDemo.a */; };
		6D028C3E22125091006AE1B0 /* AppDelegate.m in Sources */ = {isa = PBXBuildFile; fileRef = 6D028C3D22125091006AE1B0 /* AppDelegate.m */; };
		6D028C4122125091006AE1B0 /* ViewController.m in Sources */ = {isa = PBXBuildFile; fileRef = 6D028C4022125091006AE1B0 /* ViewController.m */; };
		6D028C4422125091006AE1B0 /* Main.storyboard in Resources */ = {isa = PBXBuildFile; fileRef = 6D028C4222125091006AE1B0 /* Main.storyboard */; };
		6D028C4622125092006AE1B0 /* Assets.xcassets in Resources */ = {isa = PBXBuildFile; fileRef = 6D028C4522125092006AE1B0 /* Assets.xcassets */; };
		6D028C4922125092006AE1B0 /* LaunchScreen.storyboard in Resources */ = {isa = PBXBuildFile; fileRef = 6D028C4722125092006AE1B0 /* LaunchScreen.storyboard */; };
		6D028C4C22125092006AE1B0 /* main.m in Sources */ = {isa = PBXBuildFile; fileRef = 6D028C4B22125092006AE1B0 /* main.m */; };
		A778D8F622819CFC00BE2814 /* YYTextEditBindingParser.m in Sources */ = {isa = PBXBuildFile; fileRef = A778D8F222819CFC00BE2814 /* YYTextEditBindingParser.m */; };
		A778D8F722819CFC00BE2814 /* GapFillingTextView.m in Sources */ = {isa = PBXBuildFile; fileRef = A778D8F322819CFC00BE2814 /* GapFillingTextView.m */; };
/* End PBXBuildFile section */

/* Begin PBXFileReference section */
		6D028C3922125091006AE1B0 /* GapDemo.app */ = {isa = PBXFileReference; explicitFileType = wrapper.application; includeInIndex = 0; path = GapDemo.app; sourceTree = BUILT_PRODUCTS_DIR; };
		6D028C3C22125091006AE1B0 /* AppDelegate.h */ = {isa = PBXFileReference; lastKnownFileType = sourcecode.c.h; path = AppDelegate.h; sourceTree = "<group>"; };
		6D028C3D22125091006AE1B0 /* AppDelegate.m */ = {isa = PBXFileReference; lastKnownFileType = sourcecode.c.objc; path = AppDelegate.m; sourceTree = "<group>"; };
		6D028C3F22125091006AE1B0 /* ViewController.h */ = {isa = PBXFileReference; lastKnownFileType = sourcecode.c.h; path = ViewController.h; sourceTree = "<group>"; };
		6D028C4022125091006AE1B0 /* ViewController.m */ = {isa = PBXFileReference; lastKnownFileType = sourcecode.c.objc; path = ViewController.m; sourceTree = "<group>"; };
		6D028C4322125091006AE1B0 /* Base */ = {isa = PBXFileReference; lastKnownFileType = file.storyboard; name = Base; path = Base.lproj/Main.storyboard; sourceTree = "<group>"; };
		6D028C4522125092006AE1B0 /* Assets.xcassets */ = {isa = PBXFileReference; lastKnownFileType = folder.assetcatalog; path = Assets.xcassets; sourceTree = "<group>"; };
		6D028C4822125092006AE1B0 /* Base */ = {isa = PBXFileReference; lastKnownFileType = file.storyboard; name = Base; path = Base.lproj/LaunchScreen.storyboard; sourceTree = "<group>"; };
		6D028C4A22125092006AE1B0 /* Info.plist */ = {isa = PBXFileReference; lastKnownFileType = text.plist.xml; path = Info.plist; sourceTree = "<group>"; };
		6D028C4B22125092006AE1B0 /* main.m */ = {isa = PBXFileReference; lastKnownFileType = sourcecode.c.objc; path = main.m; sourceTree = "<group>"; };
		85226AD765B61D7D9AC5B4ED /* Pods-GapDemo.debug.xcconfig */ = {isa = PBXFileReference; includeInIndex = 1; lastKnownFileType = text.xcconfig; name = "Pods-GapDemo.debug.xcconfig"; path = "Pods/Target Support Files/Pods-GapDemo/Pods-GapDemo.debug.xcconfig"; sourceTree = "<group>"; };
		A778D8F022819CFC00BE2814 /* GapFillingTextView.h */ = {isa = PBXFileReference; fileEncoding = 4; lastKnownFileType = sourcecode.c.h; path = GapFillingTextView.h; sourceTree = "<group>"; };
		A778D8F222819CFC00BE2814 /* YYTextEditBindingParser.m */ = {isa = PBXFileReference; fileEncoding = 4; lastKnownFileType = sourcecode.c.objc; path = YYTextEditBindingParser.m; sourceTree = "<group>"; };
		A778D8F322819CFC00BE2814 /* GapFillingTextView.m */ = {isa = PBXFileReference; fileEncoding = 4; lastKnownFileType = sourcecode.c.objc; path = GapFillingTextView.m; sourceTree = "<group>"; };
		A778D8F422819CFC00BE2814 /* YYTextEditBindingParser.h */ = {isa = PBXFileReference; fileEncoding = 4; lastKnownFileType = sourcecode.c.h; path = YYTextEditBindingParser.h; sourceTree = "<group>"; };
		C7F5573794B7DA21591C452E /* libPods-GapDemo.a */ = {isa = PBXFileReference; explicitFileType = archive.ar; includeInIndex = 0; path = "libPods-GapDemo.a"; sourceTree = BUILT_PRODUCTS_DIR; };
		EAE445B0F6856F2598E4E0FD /* Pods-GapDemo.release.xcconfig */ = {isa = PBXFileReference; includeInIndex = 1; lastKnownFileType = text.xcconfig; name = "Pods-GapDemo.release.xcconfig"; path = "Pods/Target Support Files/Pods-GapDemo/Pods-GapDemo.release.xcconfig"; sourceTree = "<group>"; };
/* End PBXFileReference section */

/* Begin PBXFrameworksBuildPhase section */
		6D028C3622125091006AE1B0 /* Frameworks */ = {
			isa = PBXFrameworksBuildPhase;
			buildActionMask = 2147483647;
			files = (
				12ADBAAC0A47FC543AFA4AF5 /* libPods-GapDemo.a in Frameworks */,
			);
			runOnlyForDeploymentPostprocessing = 0;
		};
/* End PBXFrameworksBuildPhase section */

/* Begin PBXGroup section */
		1D539BF59BAB91F6C5CC6BD5 /* Pods */ = {
			isa = PBXGroup;
			children = (
				85226AD765B61D7D9AC5B4ED /* Pods-GapDemo.debug.xcconfig */,
				EAE445B0F6856F2598E4E0FD /* Pods-GapDemo.release.xcconfig */,
			);
			name = Pods;
			sourceTree = "<group>";
		};
		6D028C3022125091006AE1B0 = {
			isa = PBXGroup;
			children = (
				6D028C3B22125091006AE1B0 /* GapDemo */,
				6D028C3A22125091006AE1B0 /* Products */,
				1D539BF59BAB91F6C5CC6BD5 /* Pods */,
				82E7606136474F979C74F669 /* Frameworks */,
			);
			sourceTree = "<group>";
		};
		6D028C3A22125091006AE1B0 /* Products */ = {
			isa = PBXGroup;
			children = (
				6D028C3922125091006AE1B0 /* GapDemo.app */,
			);
			name = Products;
			sourceTree = "<group>";
		};
		6D028C3B22125091006AE1B0 /* GapDemo */ = {
			isa = PBXGroup;
			children = (
				A778D8EF22819CFC00BE2814 /* Other */,
				6D028C3C22125091006AE1B0 /* AppDelegate.h */,
				6D028C3D22125091006AE1B0 /* AppDelegate.m */,
				6D028C3F22125091006AE1B0 /* ViewController.h */,
				6D028C4022125091006AE1B0 /* ViewController.m */,
				6D028C4222125091006AE1B0 /* Main.storyboard */,
				6D028C4522125092006AE1B0 /* Assets.xcassets */,
				6D028C4722125092006AE1B0 /* LaunchScreen.storyboard */,
				6D028C4A22125092006AE1B0 /* Info.plist */,
				6D028C4B22125092006AE1B0 /* main.m */,
			);
			path = GapDemo;
			sourceTree = "<group>";
		};
		82E7606136474F979C74F669 /* Frameworks */ = {
			isa = PBXGroup;
			children = (
				C7F5573794B7DA21591C452E /* libPods-GapDemo.a */,
			);
			name = Frameworks;
			sourceTree = "<group>";
		};
		A778D8EF22819CFC00BE2814 /* Other */ = {
			isa = PBXGroup;
			children = (
				A778D8F022819CFC00BE2814 /* GapFillingTextView.h */,
				A778D8F222819CFC00BE2814 /* YYTextEditBindingParser.m */,
				A778D8F322819CFC00BE2814 /* GapFillingTextView.m */,
				A778D8F422819CFC00BE2814 /* YYTextEditBindingParser.h */,
			);
			path = Other;
			sourceTree = "<group>";
		};
/* End PBXGroup section */

/* Begin PBXNativeTarget section */
		6D028C3822125091006AE1B0 /* GapDemo */ = {
			isa = PBXNativeTarget;
			buildConfigurationList = 6D028C4F22125092006AE1B0 /* Build configuration list for PBXNativeTarget "GapDemo" */;
			buildPhases = (
				D92E190936CE26773601313F /* [CP] Check Pods Manifest.lock */,
				6D028C3522125091006AE1B0 /* Sources */,
				6D028C3622125091006AE1B0 /* Frameworks */,
				6D028C3722125091006AE1B0 /* Resources */,
			);
			buildRules = (
			);
			dependencies = (
			);
			name = GapDemo;
			productName = GapDemo;
			productReference = 6D028C3922125091006AE1B0 /* GapDemo.app */;
			productType = "com.apple.product-type.application";
		};
/* End PBXNativeTarget section */

/* Begin PBXProject section */
		6D028C3122125091006AE1B0 /* Project object */ = {
			isa = PBXProject;
			attributes = {
				LastUpgradeCheck = 1010;
				ORGANIZATIONNAME = "王广法";
				TargetAttributes = {
					6D028C3822125091006AE1B0 = {
						CreatedOnToolsVersion = 10.1;
					};
				};
			};
			buildConfigurationList = 6D028C3422125091006AE1B0 /* Build configuration list for PBXProject "GapDemo" */;
			compatibilityVersion = "Xcode 9.3";
			developmentRegion = en;
			hasScannedForEncodings = 0;
			knownRegions = (
				en,
				Base,
			);
			mainGroup = 6D028C3022125091006AE1B0;
			productRefGroup = 6D028C3A22125091006AE1B0 /* Products */;
			projectDirPath = "";
			projectRoot = "";
			targets = (
				6D028C3822125091006AE1B0 /* GapDemo */,
			);
		};
/* End PBXProject section */

/* Begin PBXResourcesBuildPhase section */
		6D028C3722125091006AE1B0 /* Resources */ = {
			isa = PBXResourcesBuildPhase;
			buildActionMask = 2147483647;
			files = (
				6D028C4922125092006AE1B0 /* LaunchScreen.storyboard in Resources */,
				6D028C4622125092006AE1B0 /* Assets.xcassets in Resources */,
				6D028C4422125091006AE1B0 /* Main.storyboard in Resources */,
			);
			runOnlyForDeploymentPostprocessing = 0;
		};
/* End PBXResourcesBuildPhase section */

/* Begin PBXShellScriptBuildPhase section */
		D92E190936CE26773601313F /* [CP] Check Pods Manifest.lock */ = {
			isa = PBXShellScriptBuildPhase;
			buildActionMask = 2147483647;
			files = (
			);
			inputFileListPaths = (
			);
			inputPaths = (
				"${PODS_PODFILE_DIR_PATH}/Podfile.lock",
				"${PODS_ROOT}/Manifest.lock",
			);
			name = "[CP] Check Pods Manifest.lock";
			outputFileListPaths = (
			);
			outputPaths = (
				"$(DERIVED_FILE_DIR)/Pods-GapDemo-checkManifestLockResult.txt",
			);
			runOnlyForDeploymentPostprocessing = 0;
			shellPath = /bin/sh;
			shellScript = "diff \"${PODS_PODFILE_DIR_PATH}/Podfile.lock\" \"${PODS_ROOT}/Manifest.lock\" > /dev/null\nif [ $? != 0 ] ; then\n    # print error to STDERR\n    echo \"error: The sandbox is not in sync with the Podfile.lock. Run 'pod install' or update your CocoaPods installation.\" >&2\n    exit 1\nfi\n# This output is used by Xcode 'outputs' to avoid re-running this script phase.\necho \"SUCCESS\" > \"${SCRIPT_OUTPUT_FILE_0}\"\n";
			showEnvVarsInLog = 0;
		};
/* End PBXShellScriptBuildPhase section */

/* Begin PBXSourcesBuildPhase section */
		6D028C3522125091006AE1B0 /* Sources */ = {
			isa = PBXSourcesBuildPhase;
			buildActionMask = 2147483647;
			files = (
				A778D8F722819CFC00BE2814 /* GapFillingTextView.m in Sources */,
				6D028C4122125091006AE1B0 /* ViewController.m in Sources */,
				6D028C4C22125092006AE1B0 /* main.m in Sources */,
				A778D8F622819CFC00BE2814 /* YYTextEditBindingParser.m in Sources */,
				6D028C3E22125091006AE1B0 /* AppDelegate.m in Sources */,
			);
			runOnlyForDeploymentPostprocessing = 0;
		};
/* End PBXSourcesBuildPhase section */

/* Begin PBXVariantGroup section */
		6D028C4222125091006AE1B0 /* Main.storyboard */ = {
			isa = PBXVariantGroup;
			children = (
				6D028C4322125091006AE1B0 /* Base */,
			);
			name = Main.storyboard;
			sourceTree = "<group>";
		};
		6D028C4722125092006AE1B0 /* LaunchScreen.storyboard */ = {
			isa = PBXVariantGroup;
			children = (
				6D028C4822125092006AE1B0 /* Base */,
			);
			name = LaunchScreen.storyboard;
			sourceTree = "<group>";
		};
/* End PBXVariantGroup section */

/* Begin XCBuildConfiguration section */
		6D028C4D22125092006AE1B0 /* Debug */ = {
			isa = XCBuildConfiguration;
			buildSettings = {
				ALWAYS_SEARCH_USER_PATHS = NO;
				CLANG_ANALYZER_NONNULL = YES;
				CLANG_ANALYZER_NUMBER_OBJECT_CONVERSION = YES_AGGRESSIVE;
				CLANG_CXX_LANGUAGE_STANDARD = "gnu++14";
				CLANG_CXX_LIBRARY = "libc++";
				CLANG_ENABLE_MODULES = YES;
				CLANG_ENABLE_OBJC_ARC = YES;
				CLANG_ENABLE_OBJC_WEAK = YES;
				CLANG_WARN_BLOCK_CAPTURE_AUTORELEASING = YES;
				CLANG_WARN_BOOL_CONVERSION = YES;
				CLANG_WARN_COMMA = YES;
				CLANG_WARN_CONSTANT_CONVERSION = YES;
				CLANG_WARN_DEPRECATED_OBJC_IMPLEMENTATIONS = YES;
				CLANG_WARN_DIRECT_OBJC_ISA_USAGE = YES_ERROR;
				CLANG_WARN_DOCUMENTATION_COMMENTS = YES;
				CLANG_WARN_EMPTY_BODY = YES;
				CLANG_WARN_ENUM_CONVERSION = YES;
				CLANG_WARN_INFINITE_RECURSION = YES;
				CLANG_WARN_INT_CONVERSION = YES;
				CLANG_WARN_NON_LITERAL_NULL_CONVERSION = YES;
				CLANG_WARN_OBJC_IMPLICIT_RETAIN_SELF = YES;
				CLANG_WARN_OBJC_LITERAL_CONVERSION = YES;
				CLANG_WARN_OBJC_ROOT_CLASS = YES_ERROR;
				CLANG_WARN_RANGE_LOOP_ANALYSIS = YES;
				CLANG_WARN_STRICT_PROTOTYPES = YES;
				CLANG_WARN_SUSPICIOUS_MOVE = YES;
				CLANG_WARN_UNGUARDED_AVAILABILITY = YES_AGGRESSIVE;
				CLANG_WARN_UNREACHABLE_CODE = YES;
				CLANG_WARN__DUPLICATE_METHOD_MATCH = YES;
				CODE_SIGN_IDENTITY = "iPhone Developer";
				COPY_PHASE_STRIP = NO;
				DEBUG_INFORMATION_FORMAT = dwarf;
				ENABLE_STRICT_OBJC_MSGSEND = YES;
				ENABLE_TESTABILITY = YES;
				GCC_C_LANGUAGE_STANDARD = gnu11;
				GCC_DYNAMIC_NO_PIC = NO;
				GCC_NO_COMMON_BLOCKS = YES;
				GCC_OPTIMIZATION_LEVEL = 0;
				GCC_PREPROCESSOR_DEFINITIONS = (
					"DEBUG=1",
					"$(inherited)",
				);
				GCC_WARN_64_TO_32_BIT_CONVERSION = YES;
				GCC_WARN_ABOUT_RETURN_TYPE = YES_ERROR;
				GCC_WARN_UNDECLARED_SELECTOR = YES;
				GCC_WARN_UNINITIALIZED_AUTOS = YES_AGGRESSIVE;
				GCC_WARN_UNUSED_FUNCTION = YES;
				GCC_WARN_UNUSED_VARIABLE = YES;
				IPHONEOS_DEPLOYMENT_TARGET = 12.1;
				MTL_ENABLE_DEBUG_INFO = INCLUDE_SOURCE;
				MTL_FAST_MATH = YES;
				ONLY_ACTIVE_ARCH = YES;
				SDKROOT = iphoneos;
			};
			name = Debug;
		};
		6D028C4E22125092006AE1B0 /* Release */ = {
			isa = XCBuildConfiguration;
			buildSettings = {
				ALWAYS_SEARCH_USER_PATHS = NO;
				CLANG_ANALYZER_NONNULL = YES;
				CLANG_ANALYZER_NUMBER_OBJECT_CONVERSION = YES_AGGRESSIVE;
				CLANG_CXX_LANGUAGE_STANDARD = "gnu++14";
				CLANG_CXX_LIBRARY = "libc++";
				CLANG_ENABLE_MODULES = YES;
				CLANG_ENABLE_OBJC_ARC = YES;
				CLANG_ENABLE_OBJC_WEAK = YES;
				CLANG_WARN_BLOCK_CAPTURE_AUTORELEASING = YES;
				CLANG_WARN_BOOL_CONVERSION = YES;
				CLANG_WARN_COMMA = YES;
				CLANG_WARN_CONSTANT_CONVERSION = YES;
				CLANG_WARN_DEPRECATED_OBJC_IMPLEMENTATIONS = YES;
				CLANG_WARN_DIRECT_OBJC_ISA_USAGE = YES_ERROR;
				CLANG_WARN_DOCUMENTATION_COMMENTS = YES;
				CLANG_WARN_EMPTY_BODY = YES;
				CLANG_WARN_ENUM_CONVERSION = YES;
				CLANG_WARN_INFINITE_RECURSION = YES;
				CLANG_WARN_INT_CONVERSION = YES;
				CLANG_WARN_NON_LITERAL_NULL_CONVERSION = YES;
				CLANG_WARN_OBJC_IMPLICIT_RETAIN_SELF = YES;
				CLANG_WARN_OBJC_LITERAL_CONVERSION = YES;
				CLANG_WARN_OBJC_ROOT_CLASS = YES_ERROR;
				CLANG_WARN_RANGE_LOOP_ANALYSIS = YES;
				CLANG_WARN_STRICT_PROTOTYPES = YES;
				CLANG_WARN_SUSPICIOUS_MOVE = YES;
				CLANG_WARN_UNGUARDED_AVAILABILITY = YES_AGGRESSIVE;
				CLANG_WARN_UNREACHABLE_CODE = YES;
				CLANG_WARN__DUPLICATE_METHOD_MATCH = YES;
				CODE_SIGN_IDENTITY = "iPhone Developer";
				COPY_PHASE_STRIP = NO;
				DEBUG_INFORMATION_FORMAT = "dwarf-with-dsym";
				ENABLE_NS_ASSERTIONS = NO;
				ENABLE_STRICT_OBJC_MSGSEND = YES;
				GCC_C_LANGUAGE_STANDARD = gnu11;
				GCC_NO_COMMON_BLOCKS = YES;
				GCC_WARN_64_TO_32_BIT_CONVERSION = YES;
				GCC_WARN_ABOUT_RETURN_TYPE = YES_ERROR;
				GCC_WARN_UNDECLARED_SELECTOR = YES;
				GCC_WARN_UNINITIALIZED_AUTOS = YES_AGGRESSIVE;
				GCC_WARN_UNUSED_FUNCTION = YES;
				GCC_WARN_UNUSED_VARIABLE = YES;
				IPHONEOS_DEPLOYMENT_TARGET = 12.1;
				MTL_ENABLE_DEBUG_INFO = NO;
				MTL_FAST_MATH = YES;
				SDKROOT = iphoneos;
				VALIDATE_PRODUCT = YES;
			};
			name = Release;
		};
		6D028C5022125092006AE1B0 /* Debug */ = {
			isa = XCBuildConfiguration;
			baseConfigurationReference = 85226AD765B61D7D9AC5B4ED /* Pods-GapDemo.debug.xcconfig */;
			buildSettings = {
				ASSETCATALOG_COMPILER_APPICON_NAME = AppIcon;
				CODE_SIGN_STYLE = Automatic;
				INFOPLIST_FILE = GapDemo/Info.plist;
				LD_RUNPATH_SEARCH_PATHS = (
					"$(inherited)",
					"@executable_path/Frameworks",
				);
				PRODUCT_BUNDLE_IDENTIFIER = wang.GapDemo;
				PRODUCT_NAME = "$(TARGET_NAME)";
				TARGETED_DEVICE_FAMILY = "1,2";
			};
			name = Debug;
		};
		6D028C5122125092006AE1B0 /* Release */ = {
			isa = XCBuildConfiguration;
			baseConfigurationReference = EAE445B0F6856F2598E4E0FD /* Pods-GapDemo.release.xcconfig */;
			buildSettings = {
				ASSETCATALOG_COMPILER_APPICON_NAME = AppIcon;
				CODE_SIGN_STYLE = Automatic;
				INFOPLIST_FILE = GapDemo/Info.plist;
				LD_RUNPATH_SEARCH_PATHS = (
					"$(inherited)",
					"@executable_path/Frameworks",
				);
				PRODUCT_BUNDLE_IDENTIFIER = wang.GapDemo;
				PRODUCT_NAME = "$(TARGET_NAME)";
				TARGETED_DEVICE_FAMILY = "1,2";
			};
			name = Release;
		};
/* End XCBuildConfiguration section */

/* Begin XCConfigurationList section */
		6D028C3422125091006AE1B0 /* Build configuration list for PBXProject "GapDemo" */ = {
			isa = XCConfigurationList;
			buildConfigurations = (
				6D028C4D22125092006AE1B0 /* Debug */,
				6D028C4E22125092006AE1B0 /* Release */,
			);
			defaultConfigurationIsVisible = 0;
			defaultConfigurationName = Release;
		};
		6D028C4F22125092006AE1B0 /* Build configuration list for PBXNativeTarget "GapDemo" */ = {
			isa = XCConfigurationList;
			buildConfigurations = (
				6D028C5022125092006AE1B0 /* Debug */,
				6D028C5122125092006AE1B0 /* Release */,
			);
			defaultConfigurationIsVisible = 0;
			defaultConfigurationName = Release;
		};
/* End XCConfigurationList section */
	};
	rootObject = 6D028C3122125091006AE1B0 /* Project object */;
}
